
Microsoft Visual Studio Solution File, Format Version 12.00
# Visual Studio Version 17
VisualStudioVersion = 17.3.32819.101
MinimumVisualStudioVersion = 10.0.40219.1
Project("{9A19103F-16F7-4668-BE54-9A1E7A4F7556}") = "Project2605", "Project2605.csproj", "{7D9DA14F-5C0D-4B48-BCC1-30EB2437B4AD}"
EndProject
Project("{9A19103F-16F7-4668-BE54-9A1E7A4F7556}") = "BaseModels", "..\BaseModels\BaseModels.csproj", "{FF8AE1B0-3FD8-4D9B-BC46-2085B8504D4F}"
EndProject
Project("{9A19103F-16F7-4668-BE54-9A1E7A4F7556}") = "BaseRepository", "..\BaseRepository\BaseRepository.csproj", "{53CC41D2-485C-4C35-9177-9C6242BF1282}"
EndProject
Project("{9A19103F-16F7-4668-BE54-9A1E7A4F7556}") = "BaseDataAccess", "..\BaseDataAccess\BaseDataAccess.csproj", "{A954AFB2-4C34-46C8-858B-F6B4244B706B}"
EndProject
Global
	GlobalSection(SolutionConfigurationPlatforms) = preSolution
		Debug|Any CPU = Debug|Any CPU
		Release|Any CPU = Release|Any CPU
	EndGlobalSection
	GlobalSection(ProjectConfigurationPlatforms) = postSolution
		{7D9DA14F-5C0D-4B48-BCC1-30EB2437B4AD}.Debug|Any CPU.ActiveCfg = Debug|Any CPU
		{7D9DA14F-5C0D-4B48-BCC1-30EB2437B4AD}.Debug|Any CPU.Build.0 = Debug|Any CPU
		{7D9DA14F-5C0D-4B48-BCC1-30EB2437B4AD}.Release|Any CPU.ActiveCfg = Release|Any CPU
		{7D9DA14F-5C0D-4B48-BCC1-30EB2437B4AD}.Release|Any CPU.Build.0 = Release|Any CPU
		{FF8AE1B0-3FD8-4D9B-BC46-2085B8504D4F}.Debug|Any CPU.ActiveCfg = Debug|Any CPU
		{FF8AE1B0-3FD8-4D9B-BC46-2085B8504D4F}.Debug|Any CPU.Build.0 = Debug|Any CPU
		{FF8AE1B0-3FD8-4D9B-BC46-2085B8504D4F}.Release|Any CPU.ActiveCfg = Release|Any CPU
		{FF8AE1B0-3FD8-4D9B-BC46-2085B8504D4F}.Release|Any CPU.Build.0 = Release|Any CPU
		{53CC41D2-485C-4C35-9177-9C6242BF1282}.Debug|Any CPU.ActiveCfg = Debug|Any CPU
		{53CC41D2-485C-4C35-9177-9C6242BF1282}.Debug|Any CPU.Build.0 = Debug|Any CPU
		{53CC41D2-485C-4C35-9177-9C6242BF1282}.Release|Any CPU.ActiveCfg = Release|Any CPU
		{53CC41D2-485C-4C35-9177-9C6242BF1282}.Release|Any CPU.Build.0 = Release|Any CPU
		{A954AFB2-4C34-46C8-858B-F6B4244B706B}.Debug|Any CPU.ActiveCfg = Debug|Any CPU
		{A954AFB2-4C34-46C8-858B-F6B4244B706B}.Debug|Any CPU.Build.0 = Debug|Any CPU
		{A954AFB2-4C34-46C8-858B-F6B4244B706B}.Release|Any CPU.ActiveCfg = Release|Any CPU
		{A954AFB2-4C34-46C8-858B-F6B4244B706B}.Release|Any CPU.Build.0 = Release|Any CPU
	EndGlobalSection
	GlobalSection(SolutionProperties) = preSolution
		HideSolutionNode = FALSE
	EndGlobalSection
	GlobalSection(ExtensibilityGlobals) = postSolution
		SolutionGuid = {1B048FAB-3F9D-4992-AB4D-F81964964B47}
	EndGlobalSection
EndGlobal
